// !$*UTF8*$!
{
	archiveVersion = 1;
	classes = {
	};
	objectVersion = 55;
	objects = {

/* Begin PBXBuildFile section */
		43720C29271F1D4900C0BF03 /* Page2 .swift in Sources */ = {isa = PBXBuildFile; fileRef = 43720C28271F1D4800C0BF03 /* Page2 .swift */; };
		43720C2A271F1D4900C0BF03 /* Page2 .swift in Sources */ = {isa = PBXBuildFile; fileRef = 43720C28271F1D4800C0BF03 /* Page2 .swift */; };
		AA81DF57271F181E008814C6 /* Tests_iOS.swift in Sources */ = {isa = PBXBuildFile; fileRef = AA81DF56271F181E008814C6 /* Tests_iOS.swift */; };
		AA81DF59271F181E008814C6 /* Tests_iOSLaunchTests.swift in Sources */ = {isa = PBXBuildFile; fileRef = AA81DF58271F181E008814C6 /* Tests_iOSLaunchTests.swift */; };
		AA81DF63271F181E008814C6 /* Tests_macOS.swift in Sources */ = {isa = PBXBuildFile; fileRef = AA81DF62271F181E008814C6 /* Tests_macOS.swift */; };
		AA81DF65271F181E008814C6 /* Tests_macOSLaunchTests.swift in Sources */ = {isa = PBXBuildFile; fileRef = AA81DF64271F181E008814C6 /* Tests_macOSLaunchTests.swift */; };
		AA81DF66271F181E008814C6 /* TestApp.swift in Sources */ = {isa = PBXBuildFile; fileRef = AA81DF3E271F181C008814C6 /* TestApp.swift */; };
		AA81DF67271F181E008814C6 /* TestApp.swift in Sources */ = {isa = PBXBuildFile; fileRef = AA81DF3E271F181C008814C6 /* TestApp.swift */; };
		AA81DF68271F181E008814C6 /* ContentView.swift in Sources */ = {isa = PBXBuildFile; fileRef = AA81DF3F271F181C008814C6 /* ContentView.swift */; };
		AA81DF69271F181E008814C6 /* ContentView.swift in Sources */ = {isa = PBXBuildFile; fileRef = AA81DF3F271F181C008814C6 /* ContentView.swift */; };
		AA81DF6A271F181E008814C6 /* Assets.xcassets in Resources */ = {isa = PBXBuildFile; fileRef = AA81DF40271F181E008814C6 /* Assets.xcassets */; };
		AA81DF6B271F181E008814C6 /* Assets.xcassets in Resources */ = {isa = PBXBuildFile; fileRef = AA81DF40271F181E008814C6 /* Assets.xcassets */; };
		AA81DF8127200F1D008814C6 /* Page3.swift in Sources */ = {isa = PBXBuildFile; fileRef = AA81DF8027200F1D008814C6 /* Page3.swift */; };
		AA81DF8227200F1D008814C6 /* Page3.swift in Sources */ = {isa = PBXBuildFile; fileRef = AA81DF8027200F1D008814C6 /* Page3.swift */; };
/* End PBXBuildFile section */

/* Begin PBXContainerItemProxy section */
		AA81DF53271F181E008814C6 /* PBXContainerItemProxy */ = {
			isa = PBXContainerItemProxy;
			containerPortal = AA81DF39271F181C008814C6 /* Project object */;
			proxyType = 1;
			remoteGlobalIDString = AA81DF44271F181E008814C6;
			remoteInfo = "Test (iOS)";
		};
		AA81DF5F271F181E008814C6 /* PBXContainerItemProxy */ = {
			isa = PBXContainerItemProxy;
			containerPortal = AA81DF39271F181C008814C6 /* Project object */;
			proxyType = 1;
			remoteGlobalIDString = AA81DF4A271F181E008814C6;
			remoteInfo = "Test (macOS)";
		};
/* End PBXContainerItemProxy section */

/* Begin PBXFileReference section */
		43720C28271F1D4800C0BF03 /* Page2 .swift */ = {isa = PBXFileReference; lastKnownFileType = sourcecode.swift; path = "Page2 .swift"; sourceTree = "<group>"; };
		AA81DF3E271F181C008814C6 /* TestApp.swift */ = {isa = PBXFileReference; lastKnownFileType = sourcecode.swift; path = TestApp.swift; sourceTree = "<group>"; };
		AA81DF3F271F181C008814C6 /* ContentView.swift */ = {isa = PBXFileReference; lastKnownFileType = sourcecode.swift; path = ContentView.swift; sourceTree = "<group>"; };
		AA81DF40271F181E008814C6 /* Assets.xcassets */ = {isa = PBXFileReference; lastKnownFileType = folder.assetcatalog; path = Assets.xcassets; sourceTree = "<group>"; };
		AA81DF45271F181E008814C6 /* Test.app */ = {isa = PBXFileReference; explicitFileType = wrapper.application; includeInIndex = 0; path = Test.app; sourceTree = BUILT_PRODUCTS_DIR; };
		AA81DF4B271F181E008814C6 /* Test.app */ = {isa = PBXFileReference; explicitFileType = wrapper.application; includeInIndex = 0; path = Test.app; sourceTree = BUILT_PRODUCTS_DIR; };
		AA81DF4D271F181E008814C6 /* macOS.entitlements */ = {isa = PBXFileReference; lastKnownFileType = text.plist.entitlements; path = macOS.entitlements; sourceTree = "<group>"; };
		AA81DF52271F181E008814C6 /* Tests iOS.xctest */ = {isa = PBXFileReference; explicitFileType = wrapper.cfbundle; includeInIndex = 0; path = "Tests iOS.xctest"; sourceTree = BUILT_PRODUCTS_DIR; };
		AA81DF56271F181E008814C6 /* Tests_iOS.swift */ = {isa = PBXFileReference; lastKnownFileType = sourcecode.swift; path = Tests_iOS.swift; sourceTree = "<group>"; };
		AA81DF58271F181E008814C6 /* Tests_iOSLaunchTests.swift */ = {isa = PBXFileReference; lastKnownFileType = sourcecode.swift; path = Tests_iOSLaunchTests.swift; sourceTree = "<group>"; };
		AA81DF5E271F181E008814C6 /* Tests macOS.xctest */ = {isa = PBXFileReference; explicitFileType = wrapper.cfbundle; includeInIndex = 0; path = "Tests macOS.xctest"; sourceTree = BUILT_PRODUCTS_DIR; };
		AA81DF62271F181E008814C6 /* Tests_macOS.swift */ = {isa = PBXFileReference; lastKnownFileType = sourcecode.swift; path = Tests_macOS.swift; sourceTree = "<group>"; };
		AA81DF64271F181E008814C6 /* Tests_macOSLaunchTests.swift */ = {isa = PBXFileReference; lastKnownFileType = sourcecode.swift; path = Tests_macOSLaunchTests.swift; sourceTree = "<group>"; };
		AA81DF8027200F1D008814C6 /* Page3.swift */ = {isa = PBXFileReference; lastKnownFileType = sourcecode.swift; path = Page3.swift; sourceTree = "<group>"; };
/* End PBXFileReference section */

/* Begin PBXFrameworksBuildPhase section */
		AA81DF42271F181E008814C6 /* Frameworks */ = {
			isa = PBXFrameworksBuildPhase;
			buildActionMask = 2147483647;
			files = (
			);
			runOnlyForDeploymentPostprocessing = 0;
		};
		AA81DF48271F181E008814C6 /* Frameworks */ = {
			isa = PBXFrameworksBuildPhase;
			buildActionMask = 2147483647;
			files = (
			);
			runOnlyForDeploymentPostprocessing = 0;
		};
		AA81DF4F271F181E008814C6 /* Frameworks */ = {
			isa = PBXFrameworksBuildPhase;
			buildActionMask = 2147483647;
			files = (
			);
			runOnlyForDeploymentPostprocessing = 0;
		};
		AA81DF5B271F181E008814C6 /* Frameworks */ = {
			isa = PBXFrameworksBuildPhase;
			buildActionMask = 2147483647;
			files = (
			);
			runOnlyForDeploymentPostprocessing = 0;
		};
/* End PBXFrameworksBuildPhase section */

/* Begin PBXGroup section */
		AA81DF38271F181C008814C6 = {
			isa = PBXGroup;
			children = (
				AA81DF3D271F181C008814C6 /* Shared */,
				AA81DF4C271F181E008814C6 /* macOS */,
				AA81DF55271F181E008814C6 /* Tests iOS */,
				AA81DF61271F181E008814C6 /* Tests macOS */,
				AA81DF46271F181E008814C6 /* Products */,
			);
			sourceTree = "<group>";
		};
		AA81DF3D271F181C008814C6 /* Shared */ = {
			isa = PBXGroup;
			children = (
				AA81DF3E271F181C008814C6 /* TestApp.swift */,
				AA81DF3F271F181C008814C6 /* ContentView.swift */,
				43720C28271F1D4800C0BF03 /* Page2 .swift */,
				AA81DF40271F181E008814C6 /* Assets.xcassets */,
				AA81DF8027200F1D008814C6 /* Page3.swift */,
			);
			path = Shared;
			sourceTree = "<group>";
		};
		AA81DF46271F181E008814C6 /* Products */ = {
			isa = PBXGroup;
			children = (
				AA81DF45271F181E008814C6 /* Test.app */,
				AA81DF4B271F181E008814C6 /* Test.app */,
				AA81DF52271F181E008814C6 /* Tests iOS.xctest */,
				AA81DF5E271F181E008814C6 /* Tests macOS.xctest */,
			);
			name = Products;
			sourceTree = "<group>";
		};
		AA81DF4C271F181E008814C6 /* macOS */ = {
			isa = PBXGroup;
			children = (
				AA81DF4D271F181E008814C6 /* macOS.entitlements */,
			);
			path = macOS;
			sourceTree = "<group>";
		};
		AA81DF55271F181E008814C6 /* Tests iOS */ = {
			isa = PBXGroup;
			children = (
				AA81DF56271F181E008814C6 /* Tests_iOS.swift */,
				AA81DF58271F181E008814C6 /* Tests_iOSLaunchTests.swift */,
			);
			path = "Tests iOS";
			sourceTree = "<group>";
		};
		AA81DF61271F181E008814C6 /* Tests macOS */ = {
			isa = PBXGroup;
			children = (
				AA81DF62271F181E008814C6 /* Tests_macOS.swift */,
				AA81DF64271F181E008814C6 /* Tests_macOSLaunchTests.swift */,
			);
			path = "Tests macOS";
			sourceTree = "<group>";
		};
/* End PBXGroup section */

/* Begin PBXNativeTarget section */
		AA81DF44271F181E008814C6 /* Test (iOS) */ = {
			isa = PBXNativeTarget;
			buildConfigurationList = AA81DF6E271F181F008814C6 /* Build configuration list for PBXNativeTarget "Test (iOS)" */;
			buildPhases = (
				AA81DF41271F181E008814C6 /* Sources */,
				AA81DF42271F181E008814C6 /* Frameworks */,
				AA81DF43271F181E008814C6 /* Resources */,
			);
			buildRules = (
			);
			dependencies = (
			);
			name = "Test (iOS)";
			productName = "Test (iOS)";
			productReference = AA81DF45271F181E008814C6 /* Test.app */;
			productType = "com.apple.product-type.application";
		};
		AA81DF4A271F181E008814C6 /* Test (macOS) */ = {
			isa = PBXNativeTarget;
			buildConfigurationList = AA81DF71271F181F008814C6 /* Build configuration list for PBXNativeTarget "Test (macOS)" */;
			buildPhases = (
				AA81DF47271F181E008814C6 /* Sources */,
				AA81DF48271F181E008814C6 /* Frameworks */,
				AA81DF49271F181E008814C6 /* Resources */,
			);
			buildRules = (
			);
			dependencies = (
			);
			name = "Test (macOS)";
			productName = "Test (macOS)";
			productReference = AA81DF4B271F181E008814C6 /* Test.app */;
			productType = "com.apple.product-type.application";
		};
		AA81DF51271F181E008814C6 /* Tests iOS */ = {
			isa = PBXNativeTarget;
			buildConfigurationList = AA81DF74271F181F008814C6 /* Build configuration list for PBXNativeTarget "Tests iOS" */;
			buildPhases = (
				AA81DF4E271F181E008814C6 /* Sources */,
				AA81DF4F271F181E008814C6 /* Frameworks */,
				AA81DF50271F181E008814C6 /* Resources */,
			);
			buildRules = (
			);
			dependencies = (
				AA81DF54271F181E008814C6 /* PBXTargetDependency */,
			);
			name = "Tests iOS";
			productName = "Tests iOS";
			productReference = AA81DF52271F181E008814C6 /* Tests iOS.xctest */;
			productType = "com.apple.product-type.bundle.ui-testing";
		};
		AA81DF5D271F181E008814C6 /* Tests macOS */ = {
			isa = PBXNativeTarget;
			buildConfigurationList = AA81DF77271F181F008814C6 /* Build configuration list for PBXNativeTarget "Tests macOS" */;
			buildPhases = (
				AA81DF5A271F181E008814C6 /* Sources */,
				AA81DF5B271F181E008814C6 /* Frameworks */,
				AA81DF5C271F181E008814C6 /* Resources */,
			);
			buildRules = (
			);
			dependencies = (
				AA81DF60271F181E008814C6 /* PBXTargetDependency */,
			);
			name = "Tests macOS";
			productName = "Tests macOS";
			productReference = AA81DF5E271F181E008814C6 /* Tests macOS.xctest */;
			productType = "com.apple.product-type.bundle.ui-testing";
		};
/* End PBXNativeTarget section */

/* Begin PBXProject section */
		AA81DF39271F181C008814C6 /* Project object */ = {
			isa = PBXProject;
			attributes = {
				BuildIndependentTargetsInParallel = 1;
				LastSwiftUpdateCheck = 1300;
				LastUpgradeCheck = 1300;
				TargetAttributes = {
					AA81DF44271F181E008814C6 = {
						CreatedOnToolsVersion = 13.0;
					};
					AA81DF4A271F181E008814C6 = {
						CreatedOnToolsVersion = 13.0;
					};
					AA81DF51271F181E008814C6 = {
						CreatedOnToolsVersion = 13.0;
						TestTargetID = AA81DF44271F181E008814C6;
					};
					AA81DF5D271F181E008814C6 = {
						CreatedOnToolsVersion = 13.0;
						TestTargetID = AA81DF4A271F181E008814C6;
					};
				};
			};
			buildConfigurationList = AA81DF3C271F181C008814C6 /* Build configuration list for PBXProject "Test" */;
			compatibilityVersion = "Xcode 13.0";
			developmentRegion = en;
			hasScannedForEncodings = 0;
			knownRegions = (
				en,
				Base,
			);
			mainGroup = AA81DF38271F181C008814C6;
			productRefGroup = AA81DF46271F181E008814C6 /* Products */;
			projectDirPath = "";
			projectRoot = "";
			targets = (
				AA81DF44271F181E008814C6 /* Test (iOS) */,
				AA81DF4A271F181E008814C6 /* Test (macOS) */,
				AA81DF51271F181E008814C6 /* Tests iOS */,
				AA81DF5D271F181E008814C6 /* Tests macOS */,
			);
		};
/* End PBXProject section */

/* Begin PBXResourcesBuildPhase section */
		AA81DF43271F181E008814C6 /* Resources */ = {
			isa = PBXResourcesBuildPhase;
			buildActionMask = 2147483647;
			files = (
				AA81DF6A271F181E008814C6 /* Assets.xcassets in Resources */,
			);
			runOnlyForDeploymentPostprocessing = 0;
		};
		AA81DF49271F181E008814C6 /* Resources */ = {
			isa = PBXResourcesBuildPhase;
			buildActionMask = 2147483647;
			files = (
				AA81DF6B271F181E008814C6 /* Assets.xcassets in Resources */,
			);
			runOnlyForDeploymentPostprocessing = 0;
		};
		AA81DF50271F181E008814C6 /* Resources */ = {
			isa = PBXResourcesBuildPhase;
			buildActionMask = 2147483647;
			files = (
			);
			runOnlyForDeploymentPostprocessing = 0;
		};
		AA81DF5C271F181E008814C6 /* Resources */ = {
			isa = PBXResourcesBuildPhase;
			buildActionMask = 2147483647;
			files = (
			);
			runOnlyForDeploymentPostprocessing = 0;
		};
/* End PBXResourcesBuildPhase section */

/* Begin PBXSourcesBuildPhase section */
		AA81DF41271F181E008814C6 /* Sources */ = {
			isa = PBXSourcesBuildPhase;
			buildActionMask = 2147483647;
			files = (
				AA81DF8127200F1D008814C6 /* Page3.swift in Sources */,
				AA81DF68271F181E008814C6 /* ContentView.swift in Sources */,
				43720C29271F1D4900C0BF03 /* Page2 .swift in Sources */,
				AA81DF66271F181E008814C6 /* TestApp.swift in Sources */,
			);
			runOnlyForDeploymentPostprocessing = 0;
		};
		AA81DF47271F181E008814C6 /* Sources */ = {
			isa = PBXSourcesBuildPhase;
			buildActionMask = 2147483647;
			files = (
				AA81DF8227200F1D008814C6 /* Page3.swift in Sources */,
				AA81DF69271F181E008814C6 /* ContentView.swift in Sources */,
				43720C2A271F1D4900C0BF03 /* Page2 .swift in Sources */,
				AA81DF67271F181E008814C6 /* TestApp.swift in Sources */,
			);
			runOnlyForDeploymentPostprocessing = 0;
		};
		AA81DF4E271F181E008814C6 /* Sources */ = {
			isa = PBXSourcesBuildPhase;
			buildActionMask = 2147483647;
			files = (
				AA81DF59271F181E008814C6 /* Tests_iOSLaunchTests.swift in Sources */,
				AA81DF57271F181E008814C6 /* Tests_iOS.swift in Sources */,
			);
			runOnlyForDeploymentPostprocessing = 0;
		};
		AA81DF5A271F181E008814C6 /* Sources */ = {
			isa = PBXSourcesBuildPhase;
			buildActionMask = 2147483647;
			files = (
				AA81DF65271F181E008814C6 /* Tests_macOSLaunchTests.swift in Sources */,
				AA81DF63271F181E008814C6 /* Tests_macOS.swift in Sources */,
			);
			runOnlyForDeploymentPostprocessing = 0;
		};
/* End PBXSourcesBuildPhase section */

/* Begin PBXTargetDependency section */
		AA81DF54271F181E008814C6 /* PBXTargetDependency */ = {
			isa = PBXTargetDependency;
			target = AA81DF44271F181E008814C6 /* Test (iOS) */;
			targetProxy = AA81DF53271F181E008814C6 /* PBXContainerItemProxy */;
		};
		AA81DF60271F181E008814C6 /* PBXTargetDependency */ = {
			isa = PBXTargetDependency;
			target = AA81DF4A271F181E008814C6 /* Test (macOS) */;
			targetProxy = AA81DF5F271F181E008814C6 /* PBXContainerItemProxy */;
		};
/* End PBXTargetDependency section */

/* Begin XCBuildConfiguration section */
		AA81DF6C271F181E008814C6 /* Debug */ = {
			isa = XCBuildConfiguration;
			buildSettings = {
				ALWAYS_SEARCH_USER_PATHS = NO;
				CLANG_ANALYZER_NONNULL = YES;
				CLANG_ANALYZER_NUMBER_OBJECT_CONVERSION = YES_AGGRESSIVE;
				CLANG_CXX_LANGUAGE_STANDARD = "gnu++17";
				CLANG_CXX_LIBRARY = "libc++";
				CLANG_ENABLE_MODULES = YES;
				CLANG_ENABLE_OBJC_ARC = YES;
				CLANG_ENABLE_OBJC_WEAK = YES;
				CLANG_WARN_BLOCK_CAPTURE_AUTORELEASING = YES;
				CLANG_WARN_BOOL_CONVERSION = YES;
				CLANG_WARN_COMMA = YES;
				CLANG_WARN_CONSTANT_CONVERSION = YES;
				CLANG_WARN_DEPRECATED_OBJC_IMPLEMENTATIONS = YES;
				CLANG_WARN_DIRECT_OBJC_ISA_USAGE = YES_ERROR;
				CLANG_WARN_DOCUMENTATION_COMMENTS = YES;
				CLANG_WARN_EMPTY_BODY = YES;
				CLANG_WARN_ENUM_CONVERSION = YES;
				CLANG_WARN_INFINITE_RECURSION = YES;
				CLANG_WARN_INT_CONVERSION = YES;
				CLANG_WARN_NON_LITERAL_NULL_CONVERSION = YES;
				CLANG_WARN_OBJC_IMPLICIT_RETAIN_SELF = YES;
				CLANG_WARN_OBJC_LITERAL_CONVERSION = YES;
				CLANG_WARN_OBJC_ROOT_CLASS = YES_ERROR;
				CLANG_WARN_QUOTED_INCLUDE_IN_FRAMEWORK_HEADER = YES;
				CLANG_WARN_RANGE_LOOP_ANALYSIS = YES;
				CLANG_WARN_STRICT_PROTOTYPES = YES;
				CLANG_WARN_SUSPICIOUS_MOVE = YES;
				CLANG_WARN_UNGUARDED_AVAILABILITY = YES_AGGRESSIVE;
				CLANG_WARN_UNREACHABLE_CODE = YES;
				CLANG_WARN__DUPLICATE_METHOD_MATCH = YES;
				COPY_PHASE_STRIP = NO;
				DEBUG_INFORMATION_FORMAT = dwarf;
				ENABLE_STRICT_OBJC_MSGSEND = YES;
				ENABLE_TESTABILITY = YES;
				GCC_C_LANGUAGE_STANDARD = gnu11;
				GCC_DYNAMIC_NO_PIC = NO;
				GCC_NO_COMMON_BLOCKS = YES;
				GCC_OPTIMIZATION_LEVEL = 0;
				GCC_PREPROCESSOR_DEFINITIONS = (
					"DEBUG=1",
					"$(inherited)",
				);
				GCC_WARN_64_TO_32_BIT_CONVERSION = YES;
				GCC_WARN_ABOUT_RETURN_TYPE = YES_ERROR;
				GCC_WARN_UNDECLARED_SELECTOR = YES;
				GCC_WARN_UNINITIALIZED_AUTOS = YES_AGGRESSIVE;
				GCC_WARN_UNUSED_FUNCTION = YES;
				GCC_WARN_UNUSED_VARIABLE = YES;
				MTL_ENABLE_DEBUG_INFO = INCLUDE_SOURCE;
				MTL_FAST_MATH = YES;
				ONLY_ACTIVE_ARCH = YES;
				SWIFT_ACTIVE_COMPILATION_CONDITIONS = DEBUG;
				SWIFT_OPTIMIZATION_LEVEL = "-Onone";
			};
			name = Debug;
		};
		AA81DF6D271F181E008814C6 /* Release */ = {
			isa = XCBuildConfiguration;
			buildSettings = {
				ALWAYS_SEARCH_USER_PATHS = NO;
				CLANG_ANALYZER_NONNULL = YES;
				CLANG_ANALYZER_NUMBER_OBJECT_CONVERSION = YES_AGGRESSIVE;
				CLANG_CXX_LANGUAGE_STANDARD = "gnu++17";
				CLANG_CXX_LIBRARY = "libc++";
				CLANG_ENABLE_MODULES = YES;
				CLANG_ENABLE_OBJC_ARC = YES;
				CLANG_ENABLE_OBJC_WEAK = YES;
				CLANG_WARN_BLOCK_CAPTURE_AUTORELEASING = YES;
				CLANG_WARN_BOOL_CONVERSION = YES;
				CLANG_WARN_COMMA = YES;
				CLANG_WARN_CONSTANT_CONVERSION = YES;
				CLANG_WARN_DEPRECATED_OBJC_IMPLEMENTATIONS = YES;
				CLANG_WARN_DIRECT_OBJC_ISA_USAGE = YES_ERROR;
				CLANG_WARN_DOCUMENTATION_COMMENTS = YES;
				CLANG_WARN_EMPTY_BODY = YES;
				CLANG_WARN_ENUM_CONVERSION = YES;
				CLANG_WARN_INFINITE_RECURSION = YES;
				CLANG_WARN_INT_CONVERSION = YES;
				CLANG_WARN_NON_LITERAL_NULL_CONVERSION = YES;
				CLANG_WARN_OBJC_IMPLICIT_RETAIN_SELF = YES;
				CLANG_WARN_OBJC_LITERAL_CONVERSION = YES;
				CLANG_WARN_OBJC_ROOT_CLASS = YES_ERROR;
				CLANG_WARN_QUOTED_INCLUDE_IN_FRAMEWORK_HEADER = YES;
				CLANG_WARN_RANGE_LOOP_ANALYSIS = YES;
				CLANG_WARN_STRICT_PROTOTYPES = YES;
				CLANG_WARN_SUSPICIOUS_MOVE = YES;
				CLANG_WARN_UNGUARDED_AVAILABILITY = YES_AGGRESSIVE;
				CLANG_WARN_UNREACHABLE_CODE = YES;
				CLANG_WARN__DUPLICATE_METHOD_MATCH = YES;
				COPY_PHASE_STRIP = NO;
				DEBUG_INFORMATION_FORMAT = "dwarf-with-dsym";
				ENABLE_NS_ASSERTIONS = NO;
				ENABLE_STRICT_OBJC_MSGSEND = YES;
				GCC_C_LANGUAGE_STANDARD = gnu11;
				GCC_NO_COMMON_BLOCKS = YES;
				GCC_WARN_64_TO_32_BIT_CONVERSION = YES;
				GCC_WARN_ABOUT_RETURN_TYPE = YES_ERROR;
				GCC_WARN_UNDECLARED_SELECTOR = YES;
				GCC_WARN_UNINITIALIZED_AUTOS = YES_AGGRESSIVE;
				GCC_WARN_UNUSED_FUNCTION = YES;
				GCC_WARN_UNUSED_VARIABLE = YES;
				MTL_ENABLE_DEBUG_INFO = NO;
				MTL_FAST_MATH = YES;
				SWIFT_COMPILATION_MODE = wholemodule;
				SWIFT_OPTIMIZATION_LEVEL = "-O";
			};
			name = Release;
		};
		AA81DF6F271F181F008814C6 /* Debug */ = {
			isa = XCBuildConfiguration;
			buildSettings = {
				ASSETCATALOG_COMPILER_APPICON_NAME = AppIcon;
				ASSETCATALOG_COMPILER_GLOBAL_ACCENT_COLOR_NAME = AccentColor;
				CODE_SIGN_STYLE = Automatic;
				CURRENT_PROJECT_VERSION = 1;
				ENABLE_PREVIEWS = YES;
				GENERATE_INFOPLIST_FILE = YES;
				INFOPLIST_KEY_UIApplicationSceneManifest_Generation = YES;
				INFOPLIST_KEY_UIApplicationSupportsIndirectInputEvents = YES;
				INFOPLIST_KEY_UILaunchScreen_Generation = YES;
				INFOPLIST_KEY_UISupportedInterfaceOrientations_iPad = "UIInterfaceOrientationPortrait UIInterfaceOrientationPortraitUpsideDown UIInterfaceOrientationLandscapeLeft UIInterfaceOrientationLandscapeRight";
				INFOPLIST_KEY_UISupportedInterfaceOrientations_iPhone = "UIInterfaceOrientationPortrait UIInterfaceOrientationLandscapeLeft UIInterfaceOrientationLandscapeRight";
				IPHONEOS_DEPLOYMENT_TARGET = 14.0;
				LD_RUNPATH_SEARCH_PATHS = (
					"$(inherited)",
					"@executable_path/Frameworks",
				);
				MARKETING_VERSION = 1.0;
				PRODUCT_BUNDLE_IDENTIFIER = eddo.Test;
				PRODUCT_NAME = Test;
				SDKROOT = iphoneos;
				SWIFT_EMIT_LOC_STRINGS = YES;
				SWIFT_VERSION = 5.0;
				TARGETED_DEVICE_FAMILY = "1,2";
			};
			name = Debug;
		};
		AA81DF70271F181F008814C6 /* Release */ = {
			isa = XCBuildConfiguration;
			buildSettings = {
				ASSETCATALOG_COMPILER_APPICON_NAME = AppIcon;
				ASSETCATALOG_COMPILER_GLOBAL_ACCENT_COLOR_NAME = AccentColor;
				CODE_SIGN_STYLE = Automatic;
				CURRENT_PROJECT_VERSION = 1;
				ENABLE_PREVIEWS = YES;
				GENERATE_INFOPLIST_FILE = YES;
				INFOPLIST_KEY_UIApplicationSceneManifest_Generation = YES;
				INFOPLIST_KEY_UIApplicationSupportsIndirectInputEvents = YES;
				INFOPLIST_KEY_UILaunchScreen_Generation = YES;
				INFOPLIST_KEY_UISupportedInterfaceOrientations_iPad = "UIInterfaceOrientationPortrait UIInterfaceOrientationPortraitUpsideDown UIInterfaceOrientationLandscapeLeft UIInterfaceOrientationLandscapeRight";
				INFOPLIST_KEY_UISupportedInterfaceOrientations_iPhone = "UIInterfaceOrientationPortrait UIInterfaceOrientationLandscapeLeft UIInterfaceOrientationLandscapeRight";
				IPHONEOS_DEPLOYMENT_TARGET = 14.0;
				LD_RUNPATH_SEARCH_PATHS = (
					"$(inherited)",
					"@executable_path/Frameworks",
				);
				MARKETING_VERSION = 1.0;
				PRODUCT_BUNDLE_IDENTIFIER = eddo.Test;
				PRODUCT_NAME = Test;
				SDKROOT = iphoneos;
				SWIFT_EMIT_LOC_STRINGS = YES;
				SWIFT_VERSION = 5.0;
				TARGETED_DEVICE_FAMILY = "1,2";
				VALIDATE_PRODUCT = YES;
			};
			name = Release;
		};
		AA81DF72271F181F008814C6 /* Debug */ = {
			isa = XCBuildConfiguration;
			buildSettings = {
				ASSETCATALOG_COMPILER_APPICON_NAME = AppIcon;
				ASSETCATALOG_COMPILER_GLOBAL_ACCENT_COLOR_NAME = AccentColor;
				CODE_SIGN_ENTITLEMENTS = macOS/macOS.entitlements;
				CODE_SIGN_STYLE = Automatic;
				COMBINE_HIDPI_IMAGES = YES;
				CURRENT_PROJECT_VERSION = 1;
				ENABLE_PREVIEWS = YES;
				GENERATE_INFOPLIST_FILE = YES;
				INFOPLIST_KEY_NSHumanReadableCopyright = "";
				LD_RUNPATH_SEARCH_PATHS = (
					"$(inherited)",
					"@executable_path/../Frameworks",
				);
				MACOSX_DEPLOYMENT_TARGET = 11.0;
				MARKETING_VERSION = 1.0;
				PRODUCT_BUNDLE_IDENTIFIER = eddo.Test;
				PRODUCT_NAME = Test;
				SDKROOT = macosx;
				SWIFT_EMIT_LOC_STRINGS = YES;
				SWIFT_VERSION = 5.0;
			};
			name = Debug;
		};
		AA81DF73271F181F008814C6 /* Release */ = {
			isa = XCBuildConfiguration;
			buildSettings = {
				ASSETCATALOG_COMPILER_APPICON_NAME = AppIcon;
				ASSETCATALOG_COMPILER_GLOBAL_ACCENT_COLOR_NAME = AccentColor;
				CODE_SIGN_ENTITLEMENTS = macOS/macOS.entitlements;
				CODE_SIGN_STYLE = Automatic;
				COMBINE_HIDPI_IMAGES = YES;
				CURRENT_PROJECT_VERSION = 1;
				ENABLE_PREVIEWS = YES;
				GENERATE_INFOPLIST_FILE = YES;
				INFOPLIST_KEY_NSHumanReadableCopyright = "";
				LD_RUNPATH_SEARCH_PATHS = (
					"$(inherited)",
					"@executable_path/../Frameworks",
				);
				MACOSX_DEPLOYMENT_TARGET = 11.0;
				MARKETING_VERSION = 1.0;
				PRODUCT_BUNDLE_IDENTIFIER = eddo.Test;
				PRODUCT_NAME = Test;
				SDKROOT = macosx;
				SWIFT_EMIT_LOC_STRINGS = YES;
				SWIFT_VERSION = 5.0;
			};
			name = Release;
		};
		AA81DF75271F181F008814C6 /* Debug */ = {
			isa = XCBuildConfiguration;
			buildSettings = {
				ALWAYS_EMBED_SWIFT_STANDARD_LIBRARIES = YES;
				CODE_SIGN_STYLE = Automatic;
				CURRENT_PROJECT_VERSION = 1;
				GENERATE_INFOPLIST_FILE = YES;
				IPHONEOS_DEPLOYMENT_TARGET = 15.0;
				LD_RUNPATH_SEARCH_PATHS = (
					"$(inherited)",
					"@executable_path/Frameworks",
					"@loader_path/Frameworks",
				);
				MARKETING_VERSION = 1.0;
				PRODUCT_BUNDLE_IDENTIFIER = "eddo.Tests-iOS";
				PRODUCT_NAME = "$(TARGET_NAME)";
				SDKROOT = iphoneos;
				SWIFT_EMIT_LOC_STRINGS = NO;
				SWIFT_VERSION = 5.0;
				TARGETED_DEVICE_FAMILY = "1,2";
				TEST_TARGET_NAME = "Test (iOS)";
			};
			name = Debug;
		};
		AA81DF76271F181F008814C6 /* Release */ = {
			isa = XCBuildConfiguration;
			buildSettings = {
				ALWAYS_EMBED_SWIFT_STANDARD_LIBRARIES = YES;
				CODE_SIGN_STYLE = Automatic;
				CURRENT_PROJECT_VERSION = 1;
				GENERATE_INFOPLIST_FILE = YES;
				IPHONEOS_DEPLOYMENT_TARGET = 15.0;
				LD_RUNPATH_SEARCH_PATHS = (
					"$(inherited)",
					"@executable_path/Frameworks",
					"@loader_path/Frameworks",
				);
				MARKETING_VERSION = 1.0;
				PRODUCT_BUNDLE_IDENTIFIER = "eddo.Tests-iOS";
				PRODUCT_NAME = "$(TARGET_NAME)";
				SDKROOT = iphoneos;
				SWIFT_EMIT_LOC_STRINGS = NO;
				SWIFT_VERSION = 5.0;
				TARGETED_DEVICE_FAMILY = "1,2";
				TEST_TARGET_NAME = "Test (iOS)";
				VALIDATE_PRODUCT = YES;
			};
			name = Release;
		};
		AA81DF78271F181F008814C6 /* Debug */ = {
			isa = XCBuildConfiguration;
			buildSettings = {
				ALWAYS_EMBED_SWIFT_STANDARD_LIBRARIES = YES;
				CODE_SIGN_STYLE = Automatic;
				COMBINE_HIDPI_IMAGES = YES;
				CURRENT_PROJECT_VERSION = 1;
				GENERATE_INFOPLIST_FILE = YES;
				LD_RUNPATH_SEARCH_PATHS = (
					"$(inherited)",
					"@executable_path/../Frameworks",
					"@loader_path/../Frameworks",
				);
				MACOSX_DEPLOYMENT_TARGET = 11.3;
				MARKETING_VERSION = 1.0;
				PRODUCT_BUNDLE_IDENTIFIER = "eddo.Tests-macOS";
				PRODUCT_NAME = "$(TARGET_NAME)";
				SDKROOT = macosx;
				SWIFT_EMIT_LOC_STRINGS = NO;
				SWIFT_VERSION = 5.0;
				TEST_TARGET_NAME = "Test (macOS)";
			};
			name = Debug;
		};
		AA81DF79271F181F008814C6 /* Release */ = {
			isa = XCBuildConfiguration;
			buildSettings = {
				ALWAYS_EMBED_SWIFT_STANDARD_LIBRARIES = YES;
				CODE_SIGN_STYLE = Automatic;
				COMBINE_HIDPI_IMAGES = YES;
				CURRENT_PROJECT_VERSION = 1;
				GENERATE_INFOPLIST_FILE = YES;
				LD_RUNPATH_SEARCH_PATHS = (
					"$(inherited)",
					"@executable_path/../Frameworks",
					"@loader_path/../Frameworks",
				);
				MACOSX_DEPLOYMENT_TARGET = 11.3;
				MARKETING_VERSION = 1.0;
				PRODUCT_BUNDLE_IDENTIFIER = "eddo.Tests-macOS";
				PRODUCT_NAME = "$(TARGET_NAME)";
				SDKROOT = macosx;
				SWIFT_EMIT_LOC_STRINGS = NO;
				SWIFT_VERSION = 5.0;
				TEST_TARGET_NAME = "Test (macOS)";
			};
			name = Release;
		};
/* End XCBuildConfiguration section */

/* Begin XCConfigurationList section */
		AA81DF3C271F181C008814C6 /* Build configuration list for PBXProject "Test" */ = {
			isa = XCConfigurationList;
			buildConfigurations = (
				AA81DF6C271F181E008814C6 /* Debug */,
				AA81DF6D271F181E008814C6 /* Release */,
			);
			defaultConfigurationIsVisible = 0;
			defaultConfigurationName = Release;
		};
		AA81DF6E271F181F008814C6 /* Build configuration list for PBXNativeTarget "Test (iOS)" */ = {
			isa = XCConfigurationList;
			buildConfigurations = (
				AA81DF6F271F181F008814C6 /* Debug */,
				AA81DF70271F181F008814C6 /* Release */,
			);
			defaultConfigurationIsVisible = 0;
			defaultConfigurationName = Release;
		};
		AA81DF71271F181F008814C6 /* Build configuration list for PBXNativeTarget "Test (macOS)" */ = {
			isa = XCConfigurationList;
			buildConfigurations = (
				AA81DF72271F181F008814C6 /* Debug */,
				AA81DF73271F181F008814C6 /* Release */,
			);
			defaultConfigurationIsVisible = 0;
			defaultConfigurationName = Release;
		};
		AA81DF74271F181F008814C6 /* Build configuration list for PBXNativeTarget "Tests iOS" */ = {
			isa = XCConfigurationList;
			buildConfigurations = (
				AA81DF75271F181F008814C6 /* Debug */,
				AA81DF76271F181F008814C6 /* Release */,
			);
			defaultConfigurationIsVisible = 0;
			defaultConfigurationName = Release;
		};
		AA81DF77271F181F008814C6 /* Build configuration list for PBXNativeTarget "Tests macOS" */ = {
			isa = XCConfigurationList;
			buildConfigurations = (
				AA81DF78271F181F008814C6 /* Debug */,
				AA81DF79271F181F008814C6 /* Release */,
			);
			defaultConfigurationIsVisible = 0;
			defaultConfigurationName = Release;
		};
/* End XCConfigurationList section */
	};
	rootObject = AA81DF39271F181C008814C6 /* Project object */;
}
